
Microsoft Visual Studio Solution File, Format Version 12.00
# Visual Studio Version 17
VisualStudioVersion = 17.1.32421.90
MinimumVisualStudioVersion = 10.0.40219.1
Project("{9A19103F-16F7-4668-BE54-9A1E7A4F7556}") = "Task1", "ConsoleApp3\Task1.csproj", "{AB260B70-E085-446B-9BF8-8E3B5D978E80}"
EndProject
Project("{FAE04EC0-301F-11D3-BF4B-00C04F79EFBC}") = "Task2", "Task2\Task2.csproj", "{6A9370BF-8672-455F-B38F-274F0EC3580C}"
EndProject
Project("{FAE04EC0-301F-11D3-BF4B-00C04F79EFBC}") = "Task3", "Task3\Task3.csproj", "{84BCA943-10F8-4E95-BCD9-A2E5FDE002F5}"
EndProject
Global
	GlobalSection(SolutionConfigurationPlatforms) = preSolution
		Debug|Any CPU = Debug|Any CPU
		Release|Any CPU = Release|Any CPU
	EndGlobalSection
	GlobalSection(ProjectConfigurationPlatforms) = postSolution
		{AB260B70-E085-446B-9BF8-8E3B5D978E80}.Debug|Any CPU.ActiveCfg = Debug|Any CPU
		{AB260B70-E085-446B-9BF8-8E3B5D978E80}.Debug|Any CPU.Build.0 = Debug|Any CPU
		{AB260B70-E085-446B-9BF8-8E3B5D978E80}.Release|Any CPU.ActiveCfg = Release|Any CPU
		{AB260B70-E085-446B-9BF8-8E3B5D978E80}.Release|Any CPU.Build.0 = Release|Any CPU
		{6A9370BF-8672-455F-B38F-274F0EC3580C}.Debug|Any CPU.ActiveCfg = Debug|Any CPU
		{6A9370BF-8672-455F-B38F-274F0EC3580C}.Debug|Any CPU.Build.0 = Debug|Any CPU
		{6A9370BF-8672-455F-B38F-274F0EC3580C}.Release|Any CPU.ActiveCfg = Release|Any CPU
		{6A9370BF-8672-455F-B38F-274F0EC3580C}.Release|Any CPU.Build.0 = Release|Any CPU
		{84BCA943-10F8-4E95-BCD9-A2E5FDE002F5}.Debug|Any CPU.ActiveCfg = Debug|Any CPU
		{84BCA943-10F8-4E95-BCD9-A2E5FDE002F5}.Debug|Any CPU.Build.0 = Debug|Any CPU
		{84BCA943-10F8-4E95-BCD9-A2E5FDE002F5}.Release|Any CPU.ActiveCfg = Release|Any CPU
		{84BCA943-10F8-4E95-BCD9-A2E5FDE002F5}.Release|Any CPU.Build.0 = Release|Any CPU
	EndGlobalSection
	GlobalSection(SolutionProperties) = preSolution
		HideSolutionNode = FALSE
	EndGlobalSection
	GlobalSection(ExtensibilityGlobals) = postSolution
		SolutionGuid = {C322459C-C343-44BD-A604-4B4A5998B6B1}
	EndGlobalSection
EndGlobal
