
Microsoft Visual Studio Solution File, Format Version 12.00
# Visual Studio Version 17
VisualStudioVersion = 17.1.32421.90
MinimumVisualStudioVersion = 10.0.40219.1
Project("{9A19103F-16F7-4668-BE54-9A1E7A4F7556}") = "Task1", "Task1\Task1.csproj", "{8315D48B-B28A-49B7-84CA-74F91A4A9E9F}"
EndProject
Project("{9A19103F-16F7-4668-BE54-9A1E7A4F7556}") = "Task2", "Task2\Task2.csproj", "{130400D7-19FC-4F8F-80C4-40E035D7C37D}"
EndProject
Global
	GlobalSection(SolutionConfigurationPlatforms) = preSolution
		Debug|Any CPU = Debug|Any CPU
		Release|Any CPU = Release|Any CPU
	EndGlobalSection
	GlobalSection(ProjectConfigurationPlatforms) = postSolution
		{8315D48B-B28A-49B7-84CA-74F91A4A9E9F}.Debug|Any CPU.ActiveCfg = Debug|Any CPU
		{8315D48B-B28A-49B7-84CA-74F91A4A9E9F}.Debug|Any CPU.Build.0 = Debug|Any CPU
		{8315D48B-B28A-49B7-84CA-74F91A4A9E9F}.Release|Any CPU.ActiveCfg = Release|Any CPU
		{8315D48B-B28A-49B7-84CA-74F91A4A9E9F}.Release|Any CPU.Build.0 = Release|Any CPU
		{130400D7-19FC-4F8F-80C4-40E035D7C37D}.Debug|Any CPU.ActiveCfg = Debug|Any CPU
		{130400D7-19FC-4F8F-80C4-40E035D7C37D}.Debug|Any CPU.Build.0 = Debug|Any CPU
		{130400D7-19FC-4F8F-80C4-40E035D7C37D}.Release|Any CPU.ActiveCfg = Release|Any CPU
		{130400D7-19FC-4F8F-80C4-40E035D7C37D}.Release|Any CPU.Build.0 = Release|Any CPU
	EndGlobalSection
	GlobalSection(SolutionProperties) = preSolution
		HideSolutionNode = FALSE
	EndGlobalSection
	GlobalSection(ExtensibilityGlobals) = postSolution
		SolutionGuid = {14A93FCC-469E-4305-88DB-A20E68ED39E2}
	EndGlobalSection
EndGlobal
