
Microsoft Visual Studio Solution File, Format Version 12.00
# Visual Studio Version 17
VisualStudioVersion = 17.1.32421.90
MinimumVisualStudioVersion = 10.0.40219.1
Project("{FAE04EC0-301F-11D3-BF4B-00C04F79EFBC}") = "Task1", "Lab3\Task1.csproj", "{752AAD5E-C1AD-4128-B87D-F7409FE0A607}"
EndProject
Project("{FAE04EC0-301F-11D3-BF4B-00C04F79EFBC}") = "Task2", "Task2\Task2.csproj", "{5C52A826-1353-4EA5-BB36-D50F9592CD68}"
EndProject
Global
	GlobalSection(SolutionConfigurationPlatforms) = preSolution
		Debug|Any CPU = Debug|Any CPU
		Release|Any CPU = Release|Any CPU
	EndGlobalSection
	GlobalSection(ProjectConfigurationPlatforms) = postSolution
		{752AAD5E-C1AD-4128-B87D-F7409FE0A607}.Debug|Any CPU.ActiveCfg = Debug|Any CPU
		{752AAD5E-C1AD-4128-B87D-F7409FE0A607}.Debug|Any CPU.Build.0 = Debug|Any CPU
		{752AAD5E-C1AD-4128-B87D-F7409FE0A607}.Release|Any CPU.ActiveCfg = Release|Any CPU
		{752AAD5E-C1AD-4128-B87D-F7409FE0A607}.Release|Any CPU.Build.0 = Release|Any CPU
		{5C52A826-1353-4EA5-BB36-D50F9592CD68}.Debug|Any CPU.ActiveCfg = Debug|Any CPU
		{5C52A826-1353-4EA5-BB36-D50F9592CD68}.Debug|Any CPU.Build.0 = Debug|Any CPU
		{5C52A826-1353-4EA5-BB36-D50F9592CD68}.Release|Any CPU.ActiveCfg = Release|Any CPU
		{5C52A826-1353-4EA5-BB36-D50F9592CD68}.Release|Any CPU.Build.0 = Release|Any CPU
	EndGlobalSection
	GlobalSection(SolutionProperties) = preSolution
		HideSolutionNode = FALSE
	EndGlobalSection
	GlobalSection(ExtensibilityGlobals) = postSolution
		SolutionGuid = {AC0B5D9F-DCEB-4789-A2DC-0F8493558383}
	EndGlobalSection
EndGlobal
